
Microsoft Visual Studio Solution File, Format Version 12.00
# Visual Studio Version 17
VisualStudioVersion = 17.9.34902.65
MinimumVisualStudioVersion = 10.0.40219.1
Project("{FAE04EC0-301F-11D3-BF4B-00C04F79EFBC}") = "Assignment 10.1", "Assignment 10.1.csproj", "{B8986CEA-E645-4D4D-B03B-00DDEF59D4E8}"
EndProject
Global
	GlobalSection(SolutionConfigurationPlatforms) = preSolution
		Debug|Any CPU = Debug|Any CPU
		Release|Any CPU = Release|Any CPU
	EndGlobalSection
	GlobalSection(ProjectConfigurationPlatforms) = postSolution
		{B8986CEA-E645-4D4D-B03B-00DDEF59D4E8}.Debug|Any CPU.ActiveCfg = Debug|Any CPU
		{B8986CEA-E645-4D4D-B03B-00DDEF59D4E8}.Debug|Any CPU.Build.0 = Debug|Any CPU
		{B8986CEA-E645-4D4D-B03B-00DDEF59D4E8}.Release|Any CPU.ActiveCfg = Release|Any CPU
		{B8986CEA-E645-4D4D-B03B-00DDEF59D4E8}.Release|Any CPU.Build.0 = Release|Any CPU
	EndGlobalSection
	GlobalSection(SolutionProperties) = preSolution
		HideSolutionNode = FALSE
	EndGlobalSection
	GlobalSection(ExtensibilityGlobals) = postSolution
		SolutionGuid = {92632922-2C84-4AC7-929E-477C8033BC79}
	EndGlobalSection
EndGlobal
